
Microsoft Visual Studio Solution File, Format Version 12.00
# Visual Studio Version 17
VisualStudioVersion = 17.7.34221.43
MinimumVisualStudioVersion = 10.0.40219.1
Project("{FAE04EC0-301F-11D3-BF4B-00C04F79EFBC}") = "TatilSeyahatSitesiMvc5", "TatilSeyahatSitesiMvc5\TatilSeyahatSitesiMvc5.csproj", "{700B134E-7993-4B57-8FCF-A970ECFA0ECE}"
EndProject
Global
	GlobalSection(SolutionConfigurationPlatforms) = preSolution
		Debug|Any CPU = Debug|Any CPU
		Release|Any CPU = Release|Any CPU
	EndGlobalSection
	GlobalSection(ProjectConfigurationPlatforms) = postSolution
		{700B134E-7993-4B57-8FCF-A970ECFA0ECE}.Debug|Any CPU.ActiveCfg = Debug|Any CPU
		{700B134E-7993-4B57-8FCF-A970ECFA0ECE}.Debug|Any CPU.Build.0 = Debug|Any CPU
		{700B134E-7993-4B57-8FCF-A970ECFA0ECE}.Release|Any CPU.ActiveCfg = Release|Any CPU
		{700B134E-7993-4B57-8FCF-A970ECFA0ECE}.Release|Any CPU.Build.0 = Release|Any CPU
	EndGlobalSection
	GlobalSection(SolutionProperties) = preSolution
		HideSolutionNode = FALSE
	EndGlobalSection
	GlobalSection(ExtensibilityGlobals) = postSolution
		SolutionGuid = {02B29030-1803-4EAA-B014-C17C67775472}
	EndGlobalSection
EndGlobal
